// !$*UTF8*$!
{
	archiveVersion = 1;
	classes = {
	};
	objectVersion = 46;
	objects = {

/* Begin PBXBuildFile section */
		97829C451DDEA1180009DCCF /* main.m in Sources */ = {isa = PBXBuildFile; fileRef = 97829C441DDEA1180009DCCF /* main.m */; };
		97829C481DDEA1180009DCCF /* AppDelegate.m in Sources */ = {isa = PBXBuildFile; fileRef = 97829C471DDEA1180009DCCF /* AppDelegate.m */; };
		97829C4B1DDEA1180009DCCF /* ViewController.m in Sources */ = {isa = PBXBuildFile; fileRef = 97829C4A1DDEA1180009DCCF /* ViewController.m */; };
		97829C4E1DDEA1180009DCCF /* Main.storyboard in Resources */ = {isa = PBXBuildFile; fileRef = 97829C4C1DDEA1180009DCCF /* Main.storyboard */; };
		97829C501DDEA1180009DCCF /* Assets.xcassets in Resources */ = {isa = PBXBuildFile; fileRef = 97829C4F1DDEA1180009DCCF /* Assets.xcassets */; };
		97829C531DDEA1180009DCCF /* LaunchScreen.storyboard in Resources */ = {isa = PBXBuildFile; fileRef = 97829C511DDEA1180009DCCF /* LaunchScreen.storyboard */; };
		97829C5E1DDEA1190009DCCF /* TUTATests.m in Sources */ = {isa = PBXBuildFile; fileRef = 97829C5D1DDEA1190009DCCF /* TUTATests.m */; };
		97829C691DDEA1190009DCCF /* TUTAUITests.m in Sources */ = {isa = PBXBuildFile; fileRef = 97829C681DDEA1190009DCCF /* TUTAUITests.m */; };
		97829C7E1DDEAD7C0009DCCF /* DiscoverViewController.m in Sources */ = {isa = PBXBuildFile; fileRef = 97829C7D1DDEAD7C0009DCCF /* DiscoverViewController.m */; };
		97829C811DDEADD40009DCCF /* AttentionViewController.m in Sources */ = {isa = PBXBuildFile; fileRef = 97829C801DDEADD40009DCCF /* AttentionViewController.m */; };
		97829C841DDEADE60009DCCF /* MessageViewController.m in Sources */ = {isa = PBXBuildFile; fileRef = 97829C831DDEADE60009DCCF /* MessageViewController.m */; };
		97829C871DDEADF00009DCCF /* MineViewController.m in Sources */ = {isa = PBXBuildFile; fileRef = 97829C861DDEADF00009DCCF /* MineViewController.m */; };
		97829C8A1DDEADFF0009DCCF /* EditingViewController.m in Sources */ = {isa = PBXBuildFile; fileRef = 97829C891DDEADFF0009DCCF /* EditingViewController.m */; };
/* End PBXBuildFile section */

/* Begin PBXContainerItemProxy section */
		97829C5A1DDEA1190009DCCF /* PBXContainerItemProxy */ = {
			isa = PBXContainerItemProxy;
			containerPortal = 97829C381DDEA1180009DCCF /* Project object */;
			proxyType = 1;
			remoteGlobalIDString = 97829C3F1DDEA1180009DCCF;
			remoteInfo = TUTA;
		};
		97829C651DDEA1190009DCCF /* PBXContainerItemProxy */ = {
			isa = PBXContainerItemProxy;
			containerPortal = 97829C381DDEA1180009DCCF /* Project object */;
			proxyType = 1;
			remoteGlobalIDString = 97829C3F1DDEA1180009DCCF;
			remoteInfo = TUTA;
		};
/* End PBXContainerItemProxy section */

/* Begin PBXFileReference section */
		97829C401DDEA1180009DCCF /* TUTA.app */ = {isa = PBXFileReference; explicitFileType = wrapper.application; includeInIndex = 0; path = TUTA.app; sourceTree = BUILT_PRODUCTS_DIR; };
		97829C441DDEA1180009DCCF /* main.m */ = {isa = PBXFileReference; lastKnownFileType = sourcecode.c.objc; path = main.m; sourceTree = "<group>"; };
		97829C461DDEA1180009DCCF /* AppDelegate.h */ = {isa = PBXFileReference; lastKnownFileType = sourcecode.c.h; path = AppDelegate.h; sourceTree = "<group>"; };
		97829C471DDEA1180009DCCF /* AppDelegate.m */ = {isa = PBXFileReference; lastKnownFileType = sourcecode.c.objc; path = AppDelegate.m; sourceTree = "<group>"; };
		97829C491DDEA1180009DCCF /* ViewController.h */ = {isa = PBXFileReference; lastKnownFileType = sourcecode.c.h; path = ViewController.h; sourceTree = "<group>"; };
		97829C4A1DDEA1180009DCCF /* ViewController.m */ = {isa = PBXFileReference; lastKnownFileType = sourcecode.c.objc; path = ViewController.m; sourceTree = "<group>"; };
		97829C4D1DDEA1180009DCCF /* Base */ = {isa = PBXFileReference; lastKnownFileType = file.storyboard; name = Base; path = Base.lproj/Main.storyboard; sourceTree = "<group>"; };
		97829C4F1DDEA1180009DCCF /* Assets.xcassets */ = {isa = PBXFileReference; lastKnownFileType = folder.assetcatalog; path = Assets.xcassets; sourceTree = "<group>"; };
		97829C521DDEA1180009DCCF /* Base */ = {isa = PBXFileReference; lastKnownFileType = file.storyboard; name = Base; path = Base.lproj/LaunchScreen.storyboard; sourceTree = "<group>"; };
		97829C541DDEA1180009DCCF /* Info.plist */ = {isa = PBXFileReference; lastKnownFileType = text.plist.xml; path = Info.plist; sourceTree = "<group>"; };
		97829C591DDEA1190009DCCF /* TUTATests.xctest */ = {isa = PBXFileReference; explicitFileType = wrapper.cfbundle; includeInIndex = 0; path = TUTATests.xctest; sourceTree = BUILT_PRODUCTS_DIR; };
		97829C5D1DDEA1190009DCCF /* TUTATests.m */ = {isa = PBXFileReference; lastKnownFileType = sourcecode.c.objc; path = TUTATests.m; sourceTree = "<group>"; };
		97829C5F1DDEA1190009DCCF /* Info.plist */ = {isa = PBXFileReference; lastKnownFileType = text.plist.xml; path = Info.plist; sourceTree = "<group>"; };
		97829C641DDEA1190009DCCF /* TUTAUITests.xctest */ = {isa = PBXFileReference; explicitFileType = wrapper.cfbundle; includeInIndex = 0; path = TUTAUITests.xctest; sourceTree = BUILT_PRODUCTS_DIR; };
		97829C681DDEA1190009DCCF /* TUTAUITests.m */ = {isa = PBXFileReference; lastKnownFileType = sourcecode.c.objc; path = TUTAUITests.m; sourceTree = "<group>"; };
		97829C6A1DDEA1190009DCCF /* Info.plist */ = {isa = PBXFileReference; lastKnownFileType = text.plist.xml; path = Info.plist; sourceTree = "<group>"; };
		97829C7C1DDEAD7C0009DCCF /* DiscoverViewController.h */ = {isa = PBXFileReference; fileEncoding = 4; lastKnownFileType = sourcecode.c.h; path = DiscoverViewController.h; sourceTree = "<group>"; };
		97829C7D1DDEAD7C0009DCCF /* DiscoverViewController.m */ = {isa = PBXFileReference; fileEncoding = 4; lastKnownFileType = sourcecode.c.objc; path = DiscoverViewController.m; sourceTree = "<group>"; };
		97829C7F1DDEADD40009DCCF /* AttentionViewController.h */ = {isa = PBXFileReference; fileEncoding = 4; lastKnownFileType = sourcecode.c.h; path = AttentionViewController.h; sourceTree = "<group>"; };
		97829C801DDEADD40009DCCF /* AttentionViewController.m */ = {isa = PBXFileReference; fileEncoding = 4; lastKnownFileType = sourcecode.c.objc; path = AttentionViewController.m; sourceTree = "<group>"; };
		97829C821DDEADE60009DCCF /* MessageViewController.h */ = {isa = PBXFileReference; fileEncoding = 4; lastKnownFileType = sourcecode.c.h; path = MessageViewController.h; sourceTree = "<group>"; };
		97829C831DDEADE60009DCCF /* MessageViewController.m */ = {isa = PBXFileReference; fileEncoding = 4; lastKnownFileType = sourcecode.c.objc; path = MessageViewController.m; sourceTree = "<group>"; };
		97829C851DDEADF00009DCCF /* MineViewController.h */ = {isa = PBXFileReference; fileEncoding = 4; lastKnownFileType = sourcecode.c.h; path = MineViewController.h; sourceTree = "<group>"; };
		97829C861DDEADF00009DCCF /* MineViewController.m */ = {isa = PBXFileReference; fileEncoding = 4; lastKnownFileType = sourcecode.c.objc; path = MineViewController.m; sourceTree = "<group>"; };
		97829C881DDEADFF0009DCCF /* EditingViewController.h */ = {isa = PBXFileReference; fileEncoding = 4; lastKnownFileType = sourcecode.c.h; path = EditingViewController.h; sourceTree = "<group>"; };
		97829C891DDEADFF0009DCCF /* EditingViewController.m */ = {isa = PBXFileReference; fileEncoding = 4; lastKnownFileType = sourcecode.c.objc; path = EditingViewController.m; sourceTree = "<group>"; };
/* End PBXFileReference section */

/* Begin PBXFrameworksBuildPhase section */
		97829C3D1DDEA1180009DCCF /* Frameworks */ = {
			isa = PBXFrameworksBuildPhase;
			buildActionMask = 2147483647;
			files = (
			);
			runOnlyForDeploymentPostprocessing = 0;
		};
		97829C561DDEA1190009DCCF /* Frameworks */ = {
			isa = PBXFrameworksBuildPhase;
			buildActionMask = 2147483647;
			files = (
			);
			runOnlyForDeploymentPostprocessing = 0;
		};
		97829C611DDEA1190009DCCF /* Frameworks */ = {
			isa = PBXFrameworksBuildPhase;
			buildActionMask = 2147483647;
			files = (
			);
			runOnlyForDeploymentPostprocessing = 0;
		};
/* End PBXFrameworksBuildPhase section */

/* Begin PBXGroup section */
		97829C371DDEA1180009DCCF = {
			isa = PBXGroup;
			children = (
				97829C421DDEA1180009DCCF /* TUTA */,
				97829C5C1DDEA1190009DCCF /* TUTATests */,
				97829C671DDEA1190009DCCF /* TUTAUITests */,
				97829C411DDEA1180009DCCF /* Products */,
			);
			sourceTree = "<group>";
		};
		97829C411DDEA1180009DCCF /* Products */ = {
			isa = PBXGroup;
			children = (
				97829C401DDEA1180009DCCF /* TUTA.app */,
				97829C591DDEA1190009DCCF /* TUTATests.xctest */,
				97829C641DDEA1190009DCCF /* TUTAUITests.xctest */,
			);
			name = Products;
			sourceTree = "<group>";
		};
		97829C421DDEA1180009DCCF /* TUTA */ = {
			isa = PBXGroup;
			children = (
				97829C8C1DDEAEFE0009DCCF /* delegate */,
				97829C8B1DDEAED90009DCCF /* base */,
				97829C7A1DDEAD1F0009DCCF /* editing(编辑) */,
				97829C791DDEAD190009DCCF /* mine(我的) */,
				97829C781DDEAD0F0009DCCF /* message(消息) */,
				97829C771DDEACCC0009DCCF /* attention(关注) */,
				97829C761DDEAC610009DCCF /* discover(发现) */,
				97829C431DDEA1180009DCCF /* Supporting Files */,
			);
			path = TUTA;
			sourceTree = "<group>";
		};
		97829C431DDEA1180009DCCF /* Supporting Files */ = {
			isa = PBXGroup;
			children = (
				97829C441DDEA1180009DCCF /* main.m */,
				97829C4F1DDEA1180009DCCF /* Assets.xcassets */,
				97829C511DDEA1180009DCCF /* LaunchScreen.storyboard */,
				97829C541DDEA1180009DCCF /* Info.plist */,
			);
			name = "Supporting Files";
			sourceTree = "<group>";
		};
		97829C5C1DDEA1190009DCCF /* TUTATests */ = {
			isa = PBXGroup;
			children = (
				97829C5D1DDEA1190009DCCF /* TUTATests.m */,
				97829C5F1DDEA1190009DCCF /* Info.plist */,
			);
			path = TUTATests;
			sourceTree = "<group>";
		};
		97829C671DDEA1190009DCCF /* TUTAUITests */ = {
			isa = PBXGroup;
			children = (
				97829C681DDEA1190009DCCF /* TUTAUITests.m */,
				97829C6A1DDEA1190009DCCF /* Info.plist */,
			);
			path = TUTAUITests;
			sourceTree = "<group>";
		};
		97829C761DDEAC610009DCCF /* discover(发现) */ = {
			isa = PBXGroup;
			children = (
				97829C7C1DDEAD7C0009DCCF /* DiscoverViewController.h */,
				97829C7D1DDEAD7C0009DCCF /* DiscoverViewController.m */,
			);
			name = "discover(发现)";
			sourceTree = "<group>";
		};
		97829C771DDEACCC0009DCCF /* attention(关注) */ = {
			isa = PBXGroup;
			children = (
				97829C7F1DDEADD40009DCCF /* AttentionViewController.h */,
				97829C801DDEADD40009DCCF /* AttentionViewController.m */,
			);
			name = "attention(关注)";
			sourceTree = "<group>";
		};
		97829C781DDEAD0F0009DCCF /* message(消息) */ = {
			isa = PBXGroup;
			children = (
				97829C821DDEADE60009DCCF /* MessageViewController.h */,
				97829C831DDEADE60009DCCF /* MessageViewController.m */,
			);
			name = "message(消息)";
			sourceTree = "<group>";
		};
		97829C791DDEAD190009DCCF /* mine(我的) */ = {
			isa = PBXGroup;
			children = (
				97829C851DDEADF00009DCCF /* MineViewController.h */,
				97829C861DDEADF00009DCCF /* MineViewController.m */,
			);
			name = "mine(我的)";
			sourceTree = "<group>";
		};
		97829C7A1DDEAD1F0009DCCF /* editing(编辑) */ = {
			isa = PBXGroup;
			children = (
				97829C881DDEADFF0009DCCF /* EditingViewController.h */,
				97829C891DDEADFF0009DCCF /* EditingViewController.m */,
			);
			name = "editing(编辑)";
			sourceTree = "<group>";
		};
		97829C8B1DDEAED90009DCCF /* base */ = {
			isa = PBXGroup;
			children = (
			);
			name = base;
			sourceTree = "<group>";
		};
		97829C8C1DDEAEFE0009DCCF /* delegate */ = {
			isa = PBXGroup;
			children = (
				97829C461DDEA1180009DCCF /* AppDelegate.h */,
				97829C471DDEA1180009DCCF /* AppDelegate.m */,
				97829C491DDEA1180009DCCF /* ViewController.h */,
				97829C4A1DDEA1180009DCCF /* ViewController.m */,
				97829C4C1DDEA1180009DCCF /* Main.storyboard */,
			);
			name = delegate;
			sourceTree = "<group>";
		};
/* End PBXGroup section */

/* Begin PBXNativeTarget section */
		97829C3F1DDEA1180009DCCF /* TUTA */ = {
			isa = PBXNativeTarget;
			buildConfigurationList = 97829C6D1DDEA1190009DCCF /* Build configuration list for PBXNativeTarget "TUTA" */;
			buildPhases = (
				97829C3C1DDEA1180009DCCF /* Sources */,
				97829C3D1DDEA1180009DCCF /* Frameworks */,
				97829C3E1DDEA1180009DCCF /* Resources */,
			);
			buildRules = (
			);
			dependencies = (
			);
			name = TUTA;
			productName = TUTA;
			productReference = 97829C401DDEA1180009DCCF /* TUTA.app */;
			productType = "com.apple.product-type.application";
		};
		97829C581DDEA1190009DCCF /* TUTATests */ = {
			isa = PBXNativeTarget;
			buildConfigurationList = 97829C701DDEA1190009DCCF /* Build configuration list for PBXNativeTarget "TUTATests" */;
			buildPhases = (
				97829C551DDEA1190009DCCF /* Sources */,
				97829C561DDEA1190009DCCF /* Frameworks */,
				97829C571DDEA1190009DCCF /* Resources */,
			);
			buildRules = (
			);
			dependencies = (
				97829C5B1DDEA1190009DCCF /* PBXTargetDependency */,
			);
			name = TUTATests;
			productName = TUTATests;
			productReference = 97829C591DDEA1190009DCCF /* TUTATests.xctest */;
			productType = "com.apple.product-type.bundle.unit-test";
		};
		97829C631DDEA1190009DCCF /* TUTAUITests */ = {
			isa = PBXNativeTarget;
			buildConfigurationList = 97829C731DDEA1190009DCCF /* Build configuration list for PBXNativeTarget "TUTAUITests" */;
			buildPhases = (
				97829C601DDEA1190009DCCF /* Sources */,
				97829C611DDEA1190009DCCF /* Frameworks */,
				97829C621DDEA1190009DCCF /* Resources */,
			);
			buildRules = (
			);
			dependencies = (
				97829C661DDEA1190009DCCF /* PBXTargetDependency */,
			);
			name = TUTAUITests;
			productName = TUTAUITests;
			productReference = 97829C641DDEA1190009DCCF /* TUTAUITests.xctest */;
			productType = "com.apple.product-type.bundle.ui-testing";
		};
/* End PBXNativeTarget section */

/* Begin PBXProject section */
		97829C381DDEA1180009DCCF /* Project object */ = {
			isa = PBXProject;
			attributes = {
				LastUpgradeCheck = 0800;
				ORGANIZATIONNAME = wm;
				TargetAttributes = {
					97829C3F1DDEA1180009DCCF = {
						CreatedOnToolsVersion = 8.0;
						DevelopmentTeam = KD232MH9DJ;
						ProvisioningStyle = Automatic;
					};
					97829C581DDEA1190009DCCF = {
						CreatedOnToolsVersion = 8.0;
						ProvisioningStyle = Automatic;
						TestTargetID = 97829C3F1DDEA1180009DCCF;
					};
					97829C631DDEA1190009DCCF = {
						CreatedOnToolsVersion = 8.0;
						ProvisioningStyle = Automatic;
						TestTargetID = 97829C3F1DDEA1180009DCCF;
					};
				};
			};
			buildConfigurationList = 97829C3B1DDEA1180009DCCF /* Build configuration list for PBXProject "TUTA" */;
			compatibilityVersion = "Xcode 3.2";
			developmentRegion = English;
			hasScannedForEncodings = 0;
			knownRegions = (
				en,
				Base,
			);
			mainGroup = 97829C371DDEA1180009DCCF;
			productRefGroup = 97829C411DDEA1180009DCCF /* Products */;
			projectDirPath = "";
			projectRoot = "";
			targets = (
				97829C3F1DDEA1180009DCCF /* TUTA */,
				97829C581DDEA1190009DCCF /* TUTATests */,
				97829C631DDEA1190009DCCF /* TUTAUITests */,
			);
		};
/* End PBXProject section */

/* Begin PBXResourcesBuildPhase section */
		97829C3E1DDEA1180009DCCF /* Resources */ = {
			isa = PBXResourcesBuildPhase;
			buildActionMask = 2147483647;
			files = (
				97829C531DDEA1180009DCCF /* LaunchScreen.storyboard in Resources */,
				97829C501DDEA1180009DCCF /* Assets.xcassets in Resources */,
				97829C4E1DDEA1180009DCCF /* Main.storyboard in Resources */,
			);
			runOnlyForDeploymentPostprocessing = 0;
		};
		97829C571DDEA1190009DCCF /* Resources */ = {
			isa = PBXResourcesBuildPhase;
			buildActionMask = 2147483647;
			files = (
			);
			runOnlyForDeploymentPostprocessing = 0;
		};
		97829C621DDEA1190009DCCF /* Resources */ = {
			isa = PBXResourcesBuildPhase;
			buildActionMask = 2147483647;
			files = (
			);
			runOnlyForDeploymentPostprocessing = 0;
		};
/* End PBXResourcesBuildPhase section */

/* Begin PBXSourcesBuildPhase section */
		97829C3C1DDEA1180009DCCF /* Sources */ = {
			isa = PBXSourcesBuildPhase;
			buildActionMask = 2147483647;
			files = (
				97829C841DDEADE60009DCCF /* MessageViewController.m in Sources */,
				97829C871DDEADF00009DCCF /* MineViewController.m in Sources */,
				97829C4B1DDEA1180009DCCF /* ViewController.m in Sources */,
				97829C7E1DDEAD7C0009DCCF /* DiscoverViewController.m in Sources */,
				97829C481DDEA1180009DCCF /* AppDelegate.m in Sources */,
				97829C8A1DDEADFF0009DCCF /* EditingViewController.m in Sources */,
				97829C811DDEADD40009DCCF /* AttentionViewController.m in Sources */,
				97829C451DDEA1180009DCCF /* main.m in Sources */,
			);
			runOnlyForDeploymentPostprocessing = 0;
		};
		97829C551DDEA1190009DCCF /* Sources */ = {
			isa = PBXSourcesBuildPhase;
			buildActionMask = 2147483647;
			files = (
				97829C5E1DDEA1190009DCCF /* TUTATests.m in Sources */,
			);
			runOnlyForDeploymentPostprocessing = 0;
		};
		97829C601DDEA1190009DCCF /* Sources */ = {
			isa = PBXSourcesBuildPhase;
			buildActionMask = 2147483647;
			files = (
				97829C691DDEA1190009DCCF /* TUTAUITests.m in Sources */,
			);
			runOnlyForDeploymentPostprocessing = 0;
		};
/* End PBXSourcesBuildPhase section */

/* Begin PBXTargetDependency section */
		97829C5B1DDEA1190009DCCF /* PBXTargetDependency */ = {
			isa = PBXTargetDependency;
			target = 97829C3F1DDEA1180009DCCF /* TUTA */;
			targetProxy = 97829C5A1DDEA1190009DCCF /* PBXContainerItemProxy */;
		};
		97829C661DDEA1190009DCCF /* PBXTargetDependency */ = {
			isa = PBXTargetDependency;
			target = 97829C3F1DDEA1180009DCCF /* TUTA */;
			targetProxy = 97829C651DDEA1190009DCCF /* PBXContainerItemProxy */;
		};
/* End PBXTargetDependency section */

/* Begin PBXVariantGroup section */
		97829C4C1DDEA1180009DCCF /* Main.storyboard */ = {
			isa = PBXVariantGroup;
			children = (
				97829C4D1DDEA1180009DCCF /* Base */,
			);
			name = Main.storyboard;
			sourceTree = "<group>";
		};
		97829C511DDEA1180009DCCF /* LaunchScreen.storyboard */ = {
			isa = PBXVariantGroup;
			children = (
				97829C521DDEA1180009DCCF /* Base */,
			);
			name = LaunchScreen.storyboard;
			sourceTree = "<group>";
		};
/* End PBXVariantGroup section */

/* Begin XCBuildConfiguration section */
		97829C6B1DDEA1190009DCCF /* Debug */ = {
			isa = XCBuildConfiguration;
			buildSettings = {
				ALWAYS_SEARCH_USER_PATHS = NO;
				CLANG_ANALYZER_NONNULL = YES;
				CLANG_CXX_LANGUAGE_STANDARD = "gnu++0x";
				CLANG_CXX_LIBRARY = "libc++";
				CLANG_ENABLE_MODULES = YES;
				CLANG_ENABLE_OBJC_ARC = YES;
				CLANG_WARN_BOOL_CONVERSION = YES;
				CLANG_WARN_CONSTANT_CONVERSION = YES;
				CLANG_WARN_DIRECT_OBJC_ISA_USAGE = YES_ERROR;
				CLANG_WARN_DOCUMENTATION_COMMENTS = YES;
				CLANG_WARN_EMPTY_BODY = YES;
				CLANG_WARN_ENUM_CONVERSION = YES;
				CLANG_WARN_INFINITE_RECURSION = YES;
				CLANG_WARN_INT_CONVERSION = YES;
				CLANG_WARN_OBJC_ROOT_CLASS = YES_ERROR;
				CLANG_WARN_SUSPICIOUS_MOVES = YES;
				CLANG_WARN_UNREACHABLE_CODE = YES;
				CLANG_WARN__DUPLICATE_METHOD_MATCH = YES;
				"CODE_SIGN_IDENTITY[sdk=iphoneos*]" = "iPhone Developer";
				COPY_PHASE_STRIP = NO;
				DEBUG_INFORMATION_FORMAT = dwarf;
				ENABLE_STRICT_OBJC_MSGSEND = YES;
				ENABLE_TESTABILITY = YES;
				GCC_C_LANGUAGE_STANDARD = gnu99;
				GCC_DYNAMIC_NO_PIC = NO;
				GCC_NO_COMMON_BLOCKS = YES;
				GCC_OPTIMIZATION_LEVEL = 0;
				GCC_PREPROCESSOR_DEFINITIONS = (
					"DEBUG=1",
					"$(inherited)",
				);
				GCC_WARN_64_TO_32_BIT_CONVERSION = YES;
				GCC_WARN_ABOUT_RETURN_TYPE = YES_ERROR;
				GCC_WARN_UNDECLARED_SELECTOR = YES;
				GCC_WARN_UNINITIALIZED_AUTOS = YES_AGGRESSIVE;
				GCC_WARN_UNUSED_FUNCTION = YES;
				GCC_WARN_UNUSED_VARIABLE = YES;
				IPHONEOS_DEPLOYMENT_TARGET = 10.0;
				MTL_ENABLE_DEBUG_INFO = YES;
				ONLY_ACTIVE_ARCH = YES;
				SDKROOT = iphoneos;
			};
			name = Debug;
		};
		97829C6C1DDEA1190009DCCF /* Release */ = {
			isa = XCBuildConfiguration;
			buildSettings = {
				ALWAYS_SEARCH_USER_PATHS = NO;
				CLANG_ANALYZER_NONNULL = YES;
				CLANG_CXX_LANGUAGE_STANDARD = "gnu++0x";
				CLANG_CXX_LIBRARY = "libc++";
				CLANG_ENABLE_MODULES = YES;
				CLANG_ENABLE_OBJC_ARC = YES;
				CLANG_WARN_BOOL_CONVERSION = YES;
				CLANG_WARN_CONSTANT_CONVERSION = YES;
				CLANG_WARN_DIRECT_OBJC_ISA_USAGE = YES_ERROR;
				CLANG_WARN_DOCUMENTATION_COMMENTS = YES;
				CLANG_WARN_EMPTY_BODY = YES;
				CLANG_WARN_ENUM_CONVERSION = YES;
				CLANG_WARN_INFINITE_RECURSION = YES;
				CLANG_WARN_INT_CONVERSION = YES;
				CLANG_WARN_OBJC_ROOT_CLASS = YES_ERROR;
				CLANG_WARN_SUSPICIOUS_MOVES = YES;
				CLANG_WARN_UNREACHABLE_CODE = YES;
				CLANG_WARN__DUPLICATE_METHOD_MATCH = YES;
				"CODE_SIGN_IDENTITY[sdk=iphoneos*]" = "iPhone Developer";
				COPY_PHASE_STRIP = NO;
				DEBUG_INFORMATION_FORMAT = "dwarf-with-dsym";
				ENABLE_NS_ASSERTIONS = NO;
				ENABLE_STRICT_OBJC_MSGSEND = YES;
				GCC_C_LANGUAGE_STANDARD = gnu99;
				GCC_NO_COMMON_BLOCKS = YES;
				GCC_WARN_64_TO_32_BIT_CONVERSION = YES;
				GCC_WARN_ABOUT_RETURN_TYPE = YES_ERROR;
				GCC_WARN_UNDECLARED_SELECTOR = YES;
				GCC_WARN_UNINITIALIZED_AUTOS = YES_AGGRESSIVE;
				GCC_WARN_UNUSED_FUNCTION = YES;
				GCC_WARN_UNUSED_VARIABLE = YES;
				IPHONEOS_DEPLOYMENT_TARGET = 10.0;
				MTL_ENABLE_DEBUG_INFO = NO;
				SDKROOT = iphoneos;
				VALIDATE_PRODUCT = YES;
			};
			name = Release;
		};
		97829C6E1DDEA1190009DCCF /* Debug */ = {
			isa = XCBuildConfiguration;
			buildSettings = {
				ASSETCATALOG_COMPILER_APPICON_NAME = AppIcon;
				DEVELOPMENT_TEAM = KD232MH9DJ;
				INFOPLIST_FILE = TUTA/Info.plist;
				LD_RUNPATH_SEARCH_PATHS = "$(inherited) @executable_path/Frameworks";
				PRODUCT_BUNDLE_IDENTIFIER = com.wm.TUTA;
				PRODUCT_NAME = "$(TARGET_NAME)";
			};
			name = Debug;
		};
		97829C6F1DDEA1190009DCCF /* Release */ = {
			isa = XCBuildConfiguration;
			buildSettings = {
				ASSETCATALOG_COMPILER_APPICON_NAME = AppIcon;
				DEVELOPMENT_TEAM = KD232MH9DJ;
				INFOPLIST_FILE = TUTA/Info.plist;
				LD_RUNPATH_SEARCH_PATHS = "$(inherited) @executable_path/Frameworks";
				PRODUCT_BUNDLE_IDENTIFIER = com.wm.TUTA;
				PRODUCT_NAME = "$(TARGET_NAME)";
			};
			name = Release;
		};
		97829C711DDEA1190009DCCF /* Debug */ = {
			isa = XCBuildConfiguration;
			buildSettings = {
				BUNDLE_LOADER = "$(TEST_HOST)";
				INFOPLIST_FILE = TUTATests/Info.plist;
				LD_RUNPATH_SEARCH_PATHS = "$(inherited) @executable_path/Frameworks @loader_path/Frameworks";
				PRODUCT_BUNDLE_IDENTIFIER = com.wm.TUTATests;
				PRODUCT_NAME = "$(TARGET_NAME)";
				TEST_HOST = "$(BUILT_PRODUCTS_DIR)/TUTA.app/TUTA";
			};
			name = Debug;
		};
		97829C721DDEA1190009DCCF /* Release */ = {
			isa = XCBuildConfiguration;
			buildSettings = {
				BUNDLE_LOADER = "$(TEST_HOST)";
				INFOPLIST_FILE = TUTATests/Info.plist;
				LD_RUNPATH_SEARCH_PATHS = "$(inherited) @executable_path/Frameworks @loader_path/Frameworks";
				PRODUCT_BUNDLE_IDENTIFIER = com.wm.TUTATests;
				PRODUCT_NAME = "$(TARGET_NAME)";
				TEST_HOST = "$(BUILT_PRODUCTS_DIR)/TUTA.app/TUTA";
			};
			name = Release;
		};
		97829C741DDEA1190009DCCF /* Debug */ = {
			isa = XCBuildConfiguration;
			buildSettings = {
				INFOPLIST_FILE = TUTAUITests/Info.plist;
				LD_RUNPATH_SEARCH_PATHS = "$(inherited) @executable_path/Frameworks @loader_path/Frameworks";
				PRODUCT_BUNDLE_IDENTIFIER = com.wm.TUTAUITests;
				PRODUCT_NAME = "$(TARGET_NAME)";
				TEST_TARGET_NAME = TUTA;
			};
			name = Debug;
		};
		97829C751DDEA1190009DCCF /* Release */ = {
			isa = XCBuildConfiguration;
			buildSettings = {
				INFOPLIST_FILE = TUTAUITests/Info.plist;
				LD_RUNPATH_SEARCH_PATHS = "$(inherited) @executable_path/Frameworks @loader_path/Frameworks";
				PRODUCT_BUNDLE_IDENTIFIER = com.wm.TUTAUITests;
				PRODUCT_NAME = "$(TARGET_NAME)";
				TEST_TARGET_NAME = TUTA;
			};
			name = Release;
		};
/* End XCBuildConfiguration section */

/* Begin XCConfigurationList section */
		97829C3B1DDEA1180009DCCF /* Build configuration list for PBXProject "TUTA" */ = {
			isa = XCConfigurationList;
			buildConfigurations = (
				97829C6B1DDEA1190009DCCF /* Debug */,
				97829C6C1DDEA1190009DCCF /* Release */,
			);
			defaultConfigurationIsVisible = 0;
			defaultConfigurationName = Release;
		};
		97829C6D1DDEA1190009DCCF /* Build configuration list for PBXNativeTarget "TUTA" */ = {
			isa = XCConfigurationList;
			buildConfigurations = (
				97829C6E1DDEA1190009DCCF /* Debug */,
				97829C6F1DDEA1190009DCCF /* Release */,
			);
			defaultConfigurationIsVisible = 0;
			defaultConfigurationName = Release;
		};
		97829C701DDEA1190009DCCF /* Build configuration list for PBXNativeTarget "TUTATests" */ = {
			isa = XCConfigurationList;
			buildConfigurations = (
				97829C711DDEA1190009DCCF /* Debug */,
				97829C721DDEA1190009DCCF /* Release */,
			);
			defaultConfigurationIsVisible = 0;
			defaultConfigurationName = Release;
		};
		97829C731DDEA1190009DCCF /* Build configuration list for PBXNativeTarget "TUTAUITests" */ = {
			isa = XCConfigurationList;
			buildConfigurations = (
				97829C741DDEA1190009DCCF /* Debug */,
				97829C751DDEA1190009DCCF /* Release */,
			);
			defaultConfigurationIsVisible = 0;
			defaultConfigurationName = Release;
		};
/* End XCConfigurationList section */
	};
	rootObject = 97829C381DDEA1180009DCCF /* Project object */;
}
